<?xml version="1.0" encoding="utf-8"?>
<Project ToolsVersion="4.0" xmlns="http://schemas.microsoft.com/developer/msbuild/2003">
  <ItemGroup>
    <ClCompile Include="src\main.cpp" />
    <ClCompile Include="src\math\vec.cpp" />
    <ClCompile Include="src\core\types.cpp" />
    <ClCompile Include="src\math\mat.cpp" />
    <ClCompile Include="src\math\quat.cpp" />
    <ClCompile Include="src\core\filesys.cpp" />
    <ClCompile Include="src\gfx\glad\glad.c" />
    <ClCompile Include="src\gfx\api.cpp" />
    <ClCompile Include="src\core\msg.cpp" />
    <ClCompile Include="src\core\app.cpp" />
    <ClCompile Include="src\core\logging\log.cpp" />
    <ClCompile Include="src\core\input.cpp" />
    <ClCompile Include="src\core\engine.cpp" />
    <ClCompile Include="src\gfx\shader.cpp" />
    <ClCompile Include="src\gfx\mesher.cpp" />
  </ItemGroup>
  <ItemGroup>
    <ClInclude Include="src\math\vec.h" />
    <ClInclude Include="src\core\types.h" />
    <ClInclude Include="src\math\mat.h" />
    <ClInclude Include="src\math\consts.h" />
    <ClInclude Include="src\math\quat.h" />
    <ClInclude Include="src\core\json.hpp" />
    <ClInclude Include="src\core\filesys.h" />
    <ClInclude Include="src\gfx\glad\glad.h" />
    <ClInclude Include="src\gfx\api.h" />
    <ClInclude Include="src\core\msg.h" />
    <ClInclude Include="src\core\app.h" />
    <ClInclude Include="src\core\logging\termcolor.hpp" />
    <ClInclude Include="src\core\logging\log.h" />
    <ClInclude Include="src\core\input.h" />
    <ClInclude Include="src\core\engine.h" />
    <ClInclude Include="src\gfx\shader.h" />
    <ClInclude Include="src\gfx\mesher.h" />
  </ItemGroup>
</Project>